// !$*UTF8*$!
{
	archiveVersion = 1;
	classes = {
	};
	objectVersion = 51;
	objects = {

/* Begin PBXBuildFile section */
		133CB88A2430B6A60038FAB4 /* Sofia Pro Light Az.otf in Resources */ = {isa = PBXBuildFile; fileRef = 133CB8872430B68A0038FAB4 /* Sofia Pro Light Az.otf */; };
		133CB88B2430B6A80038FAB4 /* Sofia Pro Medium Az.otf in Resources */ = {isa = PBXBuildFile; fileRef = 133CB8882430B68B0038FAB4 /* Sofia Pro Medium Az.otf */; };
		133CB88C2430B6AB0038FAB4 /* Sofia Pro Regular Az.otf in Resources */ = {isa = PBXBuildFile; fileRef = 133CB8892430B68B0038FAB4 /* Sofia Pro Regular Az.otf */; };
		133CB88F2430C7E30038FAB4 /* Extensions.swift in Sources */ = {isa = PBXBuildFile; fileRef = 133CB88E2430C7E30038FAB4 /* Extensions.swift */; };
		133CB8932431082D0038FAB4 /* LineViewController.swift in Sources */ = {isa = PBXBuildFile; fileRef = 133CB8922431082D0038FAB4 /* LineViewController.swift */; };
		133CB8942431AF1E0038FAB4 /* ItemCell.swift in Sources */ = {isa = PBXBuildFile; fileRef = 133CB86B2430993B0038FAB4 /* ItemCell.swift */; };
		13E5A737242FF603007BD7B3 /* AppDelegate.swift in Sources */ = {isa = PBXBuildFile; fileRef = 13E5A736242FF603007BD7B3 /* AppDelegate.swift */; };
		13E5A739242FF603007BD7B3 /* SceneDelegate.swift in Sources */ = {isa = PBXBuildFile; fileRef = 13E5A738242FF603007BD7B3 /* SceneDelegate.swift */; };
		13E5A73B242FF603007BD7B3 /* ViewController.swift in Sources */ = {isa = PBXBuildFile; fileRef = 13E5A73A242FF603007BD7B3 /* ViewController.swift */; };
		13E5A73E242FF603007BD7B3 /* Main.storyboard in Resources */ = {isa = PBXBuildFile; fileRef = 13E5A73C242FF603007BD7B3 /* Main.storyboard */; };
		13E5A740242FF60E007BD7B3 /* Assets.xcassets in Resources */ = {isa = PBXBuildFile; fileRef = 13E5A73F242FF60E007BD7B3 /* Assets.xcassets */; };
		13E5A743242FF60E007BD7B3 /* LaunchScreen.storyboard in Resources */ = {isa = PBXBuildFile; fileRef = 13E5A741242FF60E007BD7B3 /* LaunchScreen.storyboard */; };
		13E5A77024308BA9007BD7B3 /* Configs.swift in Sources */ = {isa = PBXBuildFile; fileRef = 13E5A76E24308975007BD7B3 /* Configs.swift */; };
		13E5A77224308C5C007BD7B3 /* Utils.swift in Sources */ = {isa = PBXBuildFile; fileRef = 13E5A77124308C5C007BD7B3 /* Utils.swift */; };
		D607C9B716D2BCDDC0128221 /* Pods_covidHackathon.framework in Frameworks */ = {isa = PBXBuildFile; fileRef = 058A3820C93FF967F0ED834B /* Pods_covidHackathon.framework */; };
/* End PBXBuildFile section */

/* Begin PBXFileReference section */
		058A3820C93FF967F0ED834B /* Pods_covidHackathon.framework */ = {isa = PBXFileReference; explicitFileType = wrapper.framework; includeInIndex = 0; path = Pods_covidHackathon.framework; sourceTree = BUILT_PRODUCTS_DIR; };
		133CB86B2430993B0038FAB4 /* ItemCell.swift */ = {isa = PBXFileReference; lastKnownFileType = sourcecode.swift; path = ItemCell.swift; sourceTree = "<group>"; };
		133CB8872430B68A0038FAB4 /* Sofia Pro Light Az.otf */ = {isa = PBXFileReference; lastKnownFileType = file; path = "Sofia Pro Light Az.otf"; sourceTree = "<group>"; };
		133CB8882430B68B0038FAB4 /* Sofia Pro Medium Az.otf */ = {isa = PBXFileReference; lastKnownFileType = file; path = "Sofia Pro Medium Az.otf"; sourceTree = "<group>"; };
		133CB8892430B68B0038FAB4 /* Sofia Pro Regular Az.otf */ = {isa = PBXFileReference; lastKnownFileType = file; path = "Sofia Pro Regular Az.otf"; sourceTree = "<group>"; };
		133CB88E2430C7E30038FAB4 /* Extensions.swift */ = {isa = PBXFileReference; fileEncoding = 4; lastKnownFileType = sourcecode.swift; path = Extensions.swift; sourceTree = "<group>"; };
		133CB8922431082D0038FAB4 /* LineViewController.swift */ = {isa = PBXFileReference; lastKnownFileType = sourcecode.swift; path = LineViewController.swift; sourceTree = "<group>"; };
		13E5A733242FF603007BD7B3 /* covidHackathon.app */ = {isa = PBXFileReference; explicitFileType = wrapper.application; includeInIndex = 0; path = covidHackathon.app; sourceTree = BUILT_PRODUCTS_DIR; };
		13E5A736242FF603007BD7B3 /* AppDelegate.swift */ = {isa = PBXFileReference; lastKnownFileType = sourcecode.swift; path = AppDelegate.swift; sourceTree = "<group>"; };
		13E5A738242FF603007BD7B3 /* SceneDelegate.swift */ = {isa = PBXFileReference; lastKnownFileType = sourcecode.swift; path = SceneDelegate.swift; sourceTree = "<group>"; };
		13E5A73A242FF603007BD7B3 /* ViewController.swift */ = {isa = PBXFileReference; lastKnownFileType = sourcecode.swift; path = ViewController.swift; sourceTree = "<group>"; };
		13E5A73D242FF603007BD7B3 /* Base */ = {isa = PBXFileReference; lastKnownFileType = file.storyboard; name = Base; path = Base.lproj/Main.storyboard; sourceTree = "<group>"; };
		13E5A73F242FF60E007BD7B3 /* Assets.xcassets */ = {isa = PBXFileReference; lastKnownFileType = folder.assetcatalog; path = Assets.xcassets; sourceTree = "<group>"; };
		13E5A742242FF60E007BD7B3 /* Base */ = {isa = PBXFileReference; lastKnownFileType = file.storyboard; name = Base; path = Base.lproj/LaunchScreen.storyboard; sourceTree = "<group>"; };
		13E5A744242FF60E007BD7B3 /* Info.plist */ = {isa = PBXFileReference; lastKnownFileType = text.plist.xml; path = Info.plist; sourceTree = "<group>"; };
		13E5A76E24308975007BD7B3 /* Configs.swift */ = {isa = PBXFileReference; lastKnownFileType = sourcecode.swift; name = Configs.swift; path = covidHackathon/Configs.swift; sourceTree = SOURCE_ROOT; };
		13E5A77124308C5C007BD7B3 /* Utils.swift */ = {isa = PBXFileReference; lastKnownFileType = sourcecode.swift; path = Utils.swift; sourceTree = SOURCE_ROOT; };
		9FB8C5294407ADA0D5E1F16D /* Pods-covidHackathon.debug.xcconfig */ = {isa = PBXFileReference; includeInIndex = 1; lastKnownFileType = text.xcconfig; name = "Pods-covidHackathon.debug.xcconfig"; path = "Target Support Files/Pods-covidHackathon/Pods-covidHackathon.debug.xcconfig"; sourceTree = "<group>"; };
		F60224C4FBC0EF97E03C2779 /* Pods-covidHackathon.release.xcconfig */ = {isa = PBXFileReference; includeInIndex = 1; lastKnownFileType = text.xcconfig; name = "Pods-covidHackathon.release.xcconfig"; path = "Target Support Files/Pods-covidHackathon/Pods-covidHackathon.release.xcconfig"; sourceTree = "<group>"; };
/* End PBXFileReference section */

/* Begin PBXFrameworksBuildPhase section */
		13E5A730242FF603007BD7B3 /* Frameworks */ = {
			isa = PBXFrameworksBuildPhase;
			buildActionMask = 2147483647;
			files = (
				D607C9B716D2BCDDC0128221 /* Pods_covidHackathon.framework in Frameworks */,
			);
			runOnlyForDeploymentPostprocessing = 0;
		};
/* End PBXFrameworksBuildPhase section */

/* Begin PBXGroup section */
		133CB8862430B67C0038FAB4 /* CollectionSetup */ = {
			isa = PBXGroup;
			children = (
				133CB86B2430993B0038FAB4 /* ItemCell.swift */,
			);
			path = CollectionSetup;
			sourceTree = "<group>";
		};
		13E5A72A242FF603007BD7B3 = {
			isa = PBXGroup;
			children = (
				13E5A735242FF603007BD7B3 /* covidHackathon */,
				13E5A734242FF603007BD7B3 /* Products */,
				5C688070F458DE074CC7B489 /* Pods */,
				41B1F8D8D6A17D24F732F264 /* Frameworks */,
			);
			sourceTree = "<group>";
		};
		13E5A734242FF603007BD7B3 /* Products */ = {
			isa = PBXGroup;
			children = (
				13E5A733242FF603007BD7B3 /* covidHackathon.app */,
			);
			name = Products;
			sourceTree = "<group>";
		};
		13E5A735242FF603007BD7B3 /* covidHackathon */ = {
			isa = PBXGroup;
			children = (
				133CB8862430B67C0038FAB4 /* CollectionSetup */,
				13E5A736242FF603007BD7B3 /* AppDelegate.swift */,
				13E5A738242FF603007BD7B3 /* SceneDelegate.swift */,
				133CB88E2430C7E30038FAB4 /* Extensions.swift */,
				13E5A73A242FF603007BD7B3 /* ViewController.swift */,
				13E5A73C242FF603007BD7B3 /* Main.storyboard */,
				13E5A73F242FF60E007BD7B3 /* Assets.xcassets */,
				133CB8872430B68A0038FAB4 /* Sofia Pro Light Az.otf */,
				133CB8882430B68B0038FAB4 /* Sofia Pro Medium Az.otf */,
				133CB8892430B68B0038FAB4 /* Sofia Pro Regular Az.otf */,
				13E5A741242FF60E007BD7B3 /* LaunchScreen.storyboard */,
				13E5A744242FF60E007BD7B3 /* Info.plist */,
				13E5A76E24308975007BD7B3 /* Configs.swift */,
				13E5A77124308C5C007BD7B3 /* Utils.swift */,
				133CB8922431082D0038FAB4 /* LineViewController.swift */,
			);
			path = covidHackathon;
			sourceTree = "<group>";
		};
		41B1F8D8D6A17D24F732F264 /* Frameworks */ = {
			isa = PBXGroup;
			children = (
				058A3820C93FF967F0ED834B /* Pods_covidHackathon.framework */,
			);
			name = Frameworks;
			sourceTree = "<group>";
		};
		5C688070F458DE074CC7B489 /* Pods */ = {
			isa = PBXGroup;
			children = (
				9FB8C5294407ADA0D5E1F16D /* Pods-covidHackathon.debug.xcconfig */,
				F60224C4FBC0EF97E03C2779 /* Pods-covidHackathon.release.xcconfig */,
			);
			path = Pods;
			sourceTree = "<group>";
		};
/* End PBXGroup section */

/* Begin PBXNativeTarget section */
		13E5A732242FF603007BD7B3 /* covidHackathon */ = {
			isa = PBXNativeTarget;
			buildConfigurationList = 13E5A747242FF60E007BD7B3 /* Build configuration list for PBXNativeTarget "covidHackathon" */;
			buildPhases = (
				B4FC9004FF3005A1A5B2AA4E /* [CP] Check Pods Manifest.lock */,
				13E5A72F242FF603007BD7B3 /* Sources */,
				13E5A730242FF603007BD7B3 /* Frameworks */,
				13E5A731242FF603007BD7B3 /* Resources */,
				CDA20ED1C830D61A0AE03AFF /* [CP] Embed Pods Frameworks */,
			);
			buildRules = (
			);
			dependencies = (
			);
			name = covidHackathon;
			productName = covidHackathon;
			productReference = 13E5A733242FF603007BD7B3 /* covidHackathon.app */;
			productType = "com.apple.product-type.application";
		};
/* End PBXNativeTarget section */

/* Begin PBXProject section */
		13E5A72B242FF603007BD7B3 /* Project object */ = {
			isa = PBXProject;
			attributes = {
				LastSwiftUpdateCheck = 1120;
				LastUpgradeCheck = 1120;
				ORGANIZATIONNAME = AbrahamCalvillo;
				TargetAttributes = {
					13E5A732242FF603007BD7B3 = {
						CreatedOnToolsVersion = 11.2.1;
					};
				};
			};
			buildConfigurationList = 13E5A72E242FF603007BD7B3 /* Build configuration list for PBXProject "covidHackathon" */;
			compatibilityVersion = "Xcode 9.3";
			developmentRegion = en;
			hasScannedForEncodings = 0;
			knownRegions = (
				en,
				Base,
			);
			mainGroup = 13E5A72A242FF603007BD7B3;
			productRefGroup = 13E5A734242FF603007BD7B3 /* Products */;
			projectDirPath = "";
			projectRoot = "";
			targets = (
				13E5A732242FF603007BD7B3 /* covidHackathon */,
			);
		};
/* End PBXProject section */

/* Begin PBXResourcesBuildPhase section */
		13E5A731242FF603007BD7B3 /* Resources */ = {
			isa = PBXResourcesBuildPhase;
			buildActionMask = 2147483647;
			files = (
				13E5A743242FF60E007BD7B3 /* LaunchScreen.storyboard in Resources */,
				13E5A740242FF60E007BD7B3 /* Assets.xcassets in Resources */,
				133CB88B2430B6A80038FAB4 /* Sofia Pro Medium Az.otf in Resources */,
				133CB88C2430B6AB0038FAB4 /* Sofia Pro Regular Az.otf in Resources */,
				13E5A73E242FF603007BD7B3 /* Main.storyboard in Resources */,
				133CB88A2430B6A60038FAB4 /* Sofia Pro Light Az.otf in Resources */,
			);
			runOnlyForDeploymentPostprocessing = 0;
		};
/* End PBXResourcesBuildPhase section */

/* Begin PBXShellScriptBuildPhase section */
		B4FC9004FF3005A1A5B2AA4E /* [CP] Check Pods Manifest.lock */ = {
			isa = PBXShellScriptBuildPhase;
			buildActionMask = 2147483647;
			files = (
			);
			inputFileListPaths = (
			);
			inputPaths = (
				"${PODS_PODFILE_DIR_PATH}/Podfile.lock",
				"${PODS_ROOT}/Manifest.lock",
			);
			name = "[CP] Check Pods Manifest.lock";
			outputFileListPaths = (
			);
			outputPaths = (
				"$(DERIVED_FILE_DIR)/Pods-covidHackathon-checkManifestLockResult.txt",
			);
			runOnlyForDeploymentPostprocessing = 0;
			shellPath = /bin/sh;
			shellScript = "diff \"${PODS_PODFILE_DIR_PATH}/Podfile.lock\" \"${PODS_ROOT}/Manifest.lock\" > /dev/null\nif [ $? != 0 ] ; then\n    # print error to STDERR\n    echo \"error: The sandbox is not in sync with the Podfile.lock. Run 'pod install' or update your CocoaPods installation.\" >&2\n    exit 1\nfi\n# This output is used by Xcode 'outputs' to avoid re-running this script phase.\necho \"SUCCESS\" > \"${SCRIPT_OUTPUT_FILE_0}\"\n";
			showEnvVarsInLog = 0;
		};
		CDA20ED1C830D61A0AE03AFF /* [CP] Embed Pods Frameworks */ = {
			isa = PBXShellScriptBuildPhase;
			buildActionMask = 2147483647;
			files = (
			);
			inputFileListPaths = (
				"${PODS_ROOT}/Target Support Files/Pods-covidHackathon/Pods-covidHackathon-frameworks-${CONFIGURATION}-input-files.xcfilelist",
			);
			name = "[CP] Embed Pods Frameworks";
			outputFileListPaths = (
				"${PODS_ROOT}/Target Support Files/Pods-covidHackathon/Pods-covidHackathon-frameworks-${CONFIGURATION}-output-files.xcfilelist",
			);
			runOnlyForDeploymentPostprocessing = 0;
			shellPath = /bin/sh;
			shellScript = "\"${PODS_ROOT}/Target Support Files/Pods-covidHackathon/Pods-covidHackathon-frameworks.sh\"\n";
			showEnvVarsInLog = 0;
		};
/* End PBXShellScriptBuildPhase section */

/* Begin PBXSourcesBuildPhase section */
		13E5A72F242FF603007BD7B3 /* Sources */ = {
			isa = PBXSourcesBuildPhase;
			buildActionMask = 2147483647;
			files = (
				133CB8942431AF1E0038FAB4 /* ItemCell.swift in Sources */,
				13E5A77224308C5C007BD7B3 /* Utils.swift in Sources */,
				13E5A73B242FF603007BD7B3 /* ViewController.swift in Sources */,
				133CB8932431082D0038FAB4 /* LineViewController.swift in Sources */,
				13E5A77024308BA9007BD7B3 /* Configs.swift in Sources */,
				13E5A737242FF603007BD7B3 /* AppDelegate.swift in Sources */,
				13E5A739242FF603007BD7B3 /* SceneDelegate.swift in Sources */,
				133CB88F2430C7E30038FAB4 /* Extensions.swift in Sources */,
			);
			runOnlyForDeploymentPostprocessing = 0;
		};
/* End PBXSourcesBuildPhase section */

/* Begin PBXVariantGroup section */
		13E5A73C242FF603007BD7B3 /* Main.storyboard */ = {
			isa = PBXVariantGroup;
			children = (
				13E5A73D242FF603007BD7B3 /* Base */,
			);
			name = Main.storyboard;
			sourceTree = "<group>";
		};
		13E5A741242FF60E007BD7B3 /* LaunchScreen.storyboard */ = {
			isa = PBXVariantGroup;
			children = (
				13E5A742242FF60E007BD7B3 /* Base */,
			);
			name = LaunchScreen.storyboard;
			sourceTree = "<group>";
		};
/* End PBXVariantGroup section */

/* Begin XCBuildConfiguration section */
		13E5A745242FF60E007BD7B3 /* Debug */ = {
			isa = XCBuildConfiguration;
			buildSettings = {
				ALWAYS_SEARCH_USER_PATHS = NO;
				CLANG_ANALYZER_NONNULL = YES;
				CLANG_ANALYZER_NUMBER_OBJECT_CONVERSION = YES_AGGRESSIVE;
				CLANG_CXX_LANGUAGE_STANDARD = "gnu++14";
				CLANG_CXX_LIBRARY = "libc++";
				CLANG_ENABLE_MODULES = YES;
				CLANG_ENABLE_OBJC_ARC = YES;
				CLANG_ENABLE_OBJC_WEAK = YES;
				CLANG_WARN_BLOCK_CAPTURE_AUTORELEASING = YES;
				CLANG_WARN_BOOL_CONVERSION = YES;
				CLANG_WARN_COMMA = YES;
				CLANG_WARN_CONSTANT_CONVERSION = YES;
				CLANG_WARN_DEPRECATED_OBJC_IMPLEMENTATIONS = YES;
				CLANG_WARN_DIRECT_OBJC_ISA_USAGE = YES_ERROR;
				CLANG_WARN_DOCUMENTATION_COMMENTS = YES;
				CLANG_WARN_EMPTY_BODY = YES;
				CLANG_WARN_ENUM_CONVERSION = YES;
				CLANG_WARN_INFINITE_RECURSION = YES;
				CLANG_WARN_INT_CONVERSION = YES;
				CLANG_WARN_NON_LITERAL_NULL_CONVERSION = YES;
				CLANG_WARN_OBJC_IMPLICIT_RETAIN_SELF = YES;
				CLANG_WARN_OBJC_LITERAL_CONVERSION = YES;
				CLANG_WARN_OBJC_ROOT_CLASS = YES_ERROR;
				CLANG_WARN_RANGE_LOOP_ANALYSIS = YES;
				CLANG_WARN_STRICT_PROTOTYPES = YES;
				CLANG_WARN_SUSPICIOUS_MOVE = YES;
				CLANG_WARN_UNGUARDED_AVAILABILITY = YES_AGGRESSIVE;
				CLANG_WARN_UNREACHABLE_CODE = YES;
				CLANG_WARN__DUPLICATE_METHOD_MATCH = YES;
				COPY_PHASE_STRIP = NO;
				DEBUG_INFORMATION_FORMAT = dwarf;
				ENABLE_STRICT_OBJC_MSGSEND = YES;
				ENABLE_TESTABILITY = YES;
				GCC_C_LANGUAGE_STANDARD = gnu11;
				GCC_DYNAMIC_NO_PIC = NO;
				GCC_NO_COMMON_BLOCKS = YES;
				GCC_OPTIMIZATION_LEVEL = 0;
				GCC_PREPROCESSOR_DEFINITIONS = (
					"DEBUG=1",
					"$(inherited)",
				);
				GCC_WARN_64_TO_32_BIT_CONVERSION = YES;
				GCC_WARN_ABOUT_RETURN_TYPE = YES_ERROR;
				GCC_WARN_UNDECLARED_SELECTOR = YES;
				GCC_WARN_UNINITIALIZED_AUTOS = YES_AGGRESSIVE;
				GCC_WARN_UNUSED_FUNCTION = YES;
				GCC_WARN_UNUSED_VARIABLE = YES;
				IPHONEOS_DEPLOYMENT_TARGET = 13.2;
				MTL_ENABLE_DEBUG_INFO = INCLUDE_SOURCE;
				MTL_FAST_MATH = YES;
				ONLY_ACTIVE_ARCH = YES;
				SDKROOT = iphoneos;
				SWIFT_ACTIVE_COMPILATION_CONDITIONS = DEBUG;
				SWIFT_OPTIMIZATION_LEVEL = "-Onone";
			};
			name = Debug;
		};
		13E5A746242FF60E007BD7B3 /* Release */ = {
			isa = XCBuildConfiguration;
			buildSettings = {
				ALWAYS_SEARCH_USER_PATHS = NO;
				CLANG_ANALYZER_NONNULL = YES;
				CLANG_ANALYZER_NUMBER_OBJECT_CONVERSION = YES_AGGRESSIVE;
				CLANG_CXX_LANGUAGE_STANDARD = "gnu++14";
				CLANG_CXX_LIBRARY = "libc++";
				CLANG_ENABLE_MODULES = YES;
				CLANG_ENABLE_OBJC_ARC = YES;
				CLANG_ENABLE_OBJC_WEAK = YES;
				CLANG_WARN_BLOCK_CAPTURE_AUTORELEASING = YES;
				CLANG_WARN_BOOL_CONVERSION = YES;
				CLANG_WARN_COMMA = YES;
				CLANG_WARN_CONSTANT_CONVERSION = YES;
				CLANG_WARN_DEPRECATED_OBJC_IMPLEMENTATIONS = YES;
				CLANG_WARN_DIRECT_OBJC_ISA_USAGE = YES_ERROR;
				CLANG_WARN_DOCUMENTATION_COMMENTS = YES;
				CLANG_WARN_EMPTY_BODY = YES;
				CLANG_WARN_ENUM_CONVERSION = YES;
				CLANG_WARN_INFINITE_RECURSION = YES;
				CLANG_WARN_INT_CONVERSION = YES;
				CLANG_WARN_NON_LITERAL_NULL_CONVERSION = YES;
				CLANG_WARN_OBJC_IMPLICIT_RETAIN_SELF = YES;
				CLANG_WARN_OBJC_LITERAL_CONVERSION = YES;
				CLANG_WARN_OBJC_ROOT_CLASS = YES_ERROR;
				CLANG_WARN_RANGE_LOOP_ANALYSIS = YES;
				CLANG_WARN_STRICT_PROTOTYPES = YES;
				CLANG_WARN_SUSPICIOUS_MOVE = YES;
				CLANG_WARN_UNGUARDED_AVAILABILITY = YES_AGGRESSIVE;
				CLANG_WARN_UNREACHABLE_CODE = YES;
				CLANG_WARN__DUPLICATE_METHOD_MATCH = YES;
				COPY_PHASE_STRIP = NO;
				DEBUG_INFORMATION_FORMAT = "dwarf-with-dsym";
				ENABLE_NS_ASSERTIONS = NO;
				ENABLE_STRICT_OBJC_MSGSEND = YES;
				GCC_C_LANGUAGE_STANDARD = gnu11;
				GCC_NO_COMMON_BLOCKS = YES;
				GCC_WARN_64_TO_32_BIT_CONVERSION = YES;
				GCC_WARN_ABOUT_RETURN_TYPE = YES_ERROR;
				GCC_WARN_UNDECLARED_SELECTOR = YES;
				GCC_WARN_UNINITIALIZED_AUTOS = YES_AGGRESSIVE;
				GCC_WARN_UNUSED_FUNCTION = YES;
				GCC_WARN_UNUSED_VARIABLE = YES;
				IPHONEOS_DEPLOYMENT_TARGET = 13.2;
				MTL_ENABLE_DEBUG_INFO = NO;
				MTL_FAST_MATH = YES;
				SDKROOT = iphoneos;
				SWIFT_COMPILATION_MODE = wholemodule;
				SWIFT_OPTIMIZATION_LEVEL = "-O";
				VALIDATE_PRODUCT = YES;
			};
			name = Release;
		};
		13E5A748242FF60E007BD7B3 /* Debug */ = {
			isa = XCBuildConfiguration;
			baseConfigurationReference = 9FB8C5294407ADA0D5E1F16D /* Pods-covidHackathon.debug.xcconfig */;
			buildSettings = {
				ASSETCATALOG_COMPILER_APPICON_NAME = AppIcon;
				CODE_SIGN_STYLE = Automatic;
				DEVELOPMENT_TEAM = 4YS5KGPXS7;
				INFOPLIST_FILE = covidHackathon/Info.plist;
				LD_RUNPATH_SEARCH_PATHS = (
					"$(inherited)",
					"@executable_path/Frameworks",
				);
				PRODUCT_BUNDLE_IDENTIFIER = com.abrahamcalvillo.covidHackathon;
				PRODUCT_NAME = "$(TARGET_NAME)";
				SWIFT_VERSION = 5.0;
				TARGETED_DEVICE_FAMILY = 1;
			};
			name = Debug;
		};
		13E5A749242FF60E007BD7B3 /* Release */ = {
			isa = XCBuildConfiguration;
			baseConfigurationReference = F60224C4FBC0EF97E03C2779 /* Pods-covidHackathon.release.xcconfig */;
			buildSettings = {
				ASSETCATALOG_COMPILER_APPICON_NAME = AppIcon;
				CODE_SIGN_STYLE = Automatic;
				DEVELOPMENT_TEAM = 4YS5KGPXS7;
				INFOPLIST_FILE = covidHackathon/Info.plist;
				LD_RUNPATH_SEARCH_PATHS = (
					"$(inherited)",
					"@executable_path/Frameworks",
				);
				PRODUCT_BUNDLE_IDENTIFIER = com.abrahamcalvillo.covidHackathon;
				PRODUCT_NAME = "$(TARGET_NAME)";
				SWIFT_VERSION = 5.0;
				TARGETED_DEVICE_FAMILY = 1;
			};
			name = Release;
		};
/* End XCBuildConfiguration section */

/* Begin XCConfigurationList section */
		13E5A72E242FF603007BD7B3 /* Build configuration list for PBXProject "covidHackathon" */ = {
			isa = XCConfigurationList;
			buildConfigurations = (
				13E5A745242FF60E007BD7B3 /* Debug */,
				13E5A746242FF60E007BD7B3 /* Release */,
			);
			defaultConfigurationIsVisible = 0;
			defaultConfigurationName = Release;
		};
		13E5A747242FF60E007BD7B3 /* Build configuration list for PBXNativeTarget "covidHackathon" */ = {
			isa = XCConfigurationList;
			buildConfigurations = (
				13E5A748242FF60E007BD7B3 /* Debug */,
				13E5A749242FF60E007BD7B3 /* Release */,
			);
			defaultConfigurationIsVisible = 0;
			defaultConfigurationName = Release;
		};
/* End XCConfigurationList section */
	};
	rootObject = 13E5A72B242FF603007BD7B3 /* Project object */;
}
